// !$*UTF8*$!
{
	archiveVersion = 1;
	classes = {
	};
	objectVersion = 46;
	objects = {

/* Begin PBXBuildFile section */
		D74BFD301AD6FF9F00E50824 /* main.m in Sources */ = {isa = PBXBuildFile; fileRef = D74BFD2F1AD6FF9F00E50824 /* main.m */; };
		D74BFD331AD6FF9F00E50824 /* AppDelegate.m in Sources */ = {isa = PBXBuildFile; fileRef = D74BFD321AD6FF9F00E50824 /* AppDelegate.m */; };
		D74BFD361AD6FF9F00E50824 /* FirstViewController.m in Sources */ = {isa = PBXBuildFile; fileRef = D74BFD351AD6FF9F00E50824 /* FirstViewController.m */; };
		D74BFD391AD6FF9F00E50824 /* SecondViewController.m in Sources */ = {isa = PBXBuildFile; fileRef = D74BFD381AD6FF9F00E50824 /* SecondViewController.m */; };
		D74BFD3C1AD6FF9F00E50824 /* Main.storyboard in Resources */ = {isa = PBXBuildFile; fileRef = D74BFD3A1AD6FF9F00E50824 /* Main.storyboard */; };
		D74BFD3E1AD6FF9F00E50824 /* Images.xcassets in Resources */ = {isa = PBXBuildFile; fileRef = D74BFD3D1AD6FF9F00E50824 /* Images.xcassets */; };
		D74BFD411AD6FF9F00E50824 /* LaunchScreen.xib in Resources */ = {isa = PBXBuildFile; fileRef = D74BFD3F1AD6FF9F00E50824 /* LaunchScreen.xib */; };
		D74BFD4D1AD6FF9F00E50824 /* MosaickingTests.m in Sources */ = {isa = PBXBuildFile; fileRef = D74BFD4C1AD6FF9F00E50824 /* MosaickingTests.m */; };
		D74BFD571AD700E100E50824 /* opencv2.framework in Frameworks */ = {isa = PBXBuildFile; fileRef = D74BFD561AD700E100E50824 /* opencv2.framework */; };
		D74BFD591AD7021C00E50824 /* CvEffects in Resources */ = {isa = PBXBuildFile; fileRef = D74BFD581AD7021C00E50824 /* CvEffects */; };
		D74BFD5B1AD7026F00E50824 /* AVFoundation.framework in Frameworks */ = {isa = PBXBuildFile; fileRef = D74BFD5A1AD7026F00E50824 /* AVFoundation.framework */; };
		D74BFD601AD702A600E50824 /* QuartzCore.framework in Frameworks */ = {isa = PBXBuildFile; fileRef = D74BFD5F1AD702A600E50824 /* QuartzCore.framework */; };
		D74BFD621AD702AE00E50824 /* CoreImage.framework in Frameworks */ = {isa = PBXBuildFile; fileRef = D74BFD611AD702AE00E50824 /* CoreImage.framework */; };
		D74BFD641AD702B700E50824 /* CoreVideo.framework in Frameworks */ = {isa = PBXBuildFile; fileRef = D74BFD631AD702B700E50824 /* CoreVideo.framework */; };
		D74BFD661AD702BE00E50824 /* Accelerate.framework in Frameworks */ = {isa = PBXBuildFile; fileRef = D74BFD651AD702BE00E50824 /* Accelerate.framework */; };
		D74BFD681AD702C700E50824 /* AssetsLibrary.framework in Frameworks */ = {isa = PBXBuildFile; fileRef = D74BFD671AD702C700E50824 /* AssetsLibrary.framework */; };
		D74BFD6A1AD702D300E50824 /* UIKit.framework in Frameworks */ = {isa = PBXBuildFile; fileRef = D74BFD691AD702D300E50824 /* UIKit.framework */; };
		D74BFD6C1AD702D900E50824 /* Foundation.framework in Frameworks */ = {isa = PBXBuildFile; fileRef = D74BFD6B1AD702D900E50824 /* Foundation.framework */; };
		D74BFD6E1AD702E000E50824 /* CoreGraphics.framework in Frameworks */ = {isa = PBXBuildFile; fileRef = D74BFD6D1AD702E000E50824 /* CoreGraphics.framework */; };
		D74BFD711AD705AD00E50824 /* CoreMedia.framework in Frameworks */ = {isa = PBXBuildFile; fileRef = D74BFD701AD705AD00E50824 /* CoreMedia.framework */; };
		D74BFD751AD7098100E50824 /* fuzzy_border.png in Resources */ = {isa = PBXBuildFile; fileRef = D74BFD731AD7098100E50824 /* fuzzy_border.png */; };
		D74BFD761AD7098100E50824 /* scratches.png in Resources */ = {isa = PBXBuildFile; fileRef = D74BFD741AD7098100E50824 /* scratches.png */; };
		D74BFD791AD70C3D00E50824 /* Video Camera Filled-50.png in Resources */ = {isa = PBXBuildFile; fileRef = D74BFD771AD70C3D00E50824 /* Video Camera Filled-50.png */; };
		D74BFD7A1AD70C3D00E50824 /* Video Camera-50.png in Resources */ = {isa = PBXBuildFile; fileRef = D74BFD781AD70C3D00E50824 /* Video Camera-50.png */; };
		D9E521111AD7911F0065CF44 /* libCvEffects.a in Frameworks */ = {isa = PBXBuildFile; fileRef = D9E521101AD7911F0065CF44 /* libCvEffects.a */; };
/* End PBXBuildFile section */

/* Begin PBXContainerItemProxy section */
		D74BFD471AD6FF9F00E50824 /* PBXContainerItemProxy */ = {
			isa = PBXContainerItemProxy;
			containerPortal = D74BFD221AD6FF9F00E50824 /* Project object */;
			proxyType = 1;
			remoteGlobalIDString = D74BFD291AD6FF9F00E50824;
			remoteInfo = Mosaicking;
		};
/* End PBXContainerItemProxy section */

/* Begin PBXFileReference section */
		D74BFD2A1AD6FF9F00E50824 /* Mosaicking.app */ = {isa = PBXFileReference; explicitFileType = wrapper.application; includeInIndex = 0; path = Mosaicking.app; sourceTree = BUILT_PRODUCTS_DIR; };
		D74BFD2E1AD6FF9F00E50824 /* Info.plist */ = {isa = PBXFileReference; lastKnownFileType = text.plist.xml; path = Info.plist; sourceTree = "<group>"; };
		D74BFD2F1AD6FF9F00E50824 /* main.m */ = {isa = PBXFileReference; lastKnownFileType = sourcecode.c.objc; path = main.m; sourceTree = "<group>"; };
		D74BFD311AD6FF9F00E50824 /* AppDelegate.h */ = {isa = PBXFileReference; lastKnownFileType = sourcecode.c.h; path = AppDelegate.h; sourceTree = "<group>"; };
		D74BFD321AD6FF9F00E50824 /* AppDelegate.m */ = {isa = PBXFileReference; lastKnownFileType = sourcecode.c.objc; path = AppDelegate.m; sourceTree = "<group>"; };
		D74BFD341AD6FF9F00E50824 /* FirstViewController.h */ = {isa = PBXFileReference; lastKnownFileType = sourcecode.c.h; path = FirstViewController.h; sourceTree = "<group>"; };
		D74BFD351AD6FF9F00E50824 /* FirstViewController.m */ = {isa = PBXFileReference; lastKnownFileType = sourcecode.c.objc; path = FirstViewController.m; sourceTree = "<group>"; };
		D74BFD371AD6FF9F00E50824 /* SecondViewController.h */ = {isa = PBXFileReference; lastKnownFileType = sourcecode.c.h; path = SecondViewController.h; sourceTree = "<group>"; };
		D74BFD381AD6FF9F00E50824 /* SecondViewController.m */ = {isa = PBXFileReference; lastKnownFileType = sourcecode.c.objc; path = SecondViewController.m; sourceTree = "<group>"; };
		D74BFD3B1AD6FF9F00E50824 /* Base */ = {isa = PBXFileReference; lastKnownFileType = file.storyboard; name = Base; path = Base.lproj/Main.storyboard; sourceTree = "<group>"; };
		D74BFD3D1AD6FF9F00E50824 /* Images.xcassets */ = {isa = PBXFileReference; lastKnownFileType = folder.assetcatalog; path = Images.xcassets; sourceTree = "<group>"; };
		D74BFD401AD6FF9F00E50824 /* Base */ = {isa = PBXFileReference; lastKnownFileType = file.xib; name = Base; path = Base.lproj/LaunchScreen.xib; sourceTree = "<group>"; };
		D74BFD461AD6FF9F00E50824 /* MosaickingTests.xctest */ = {isa = PBXFileReference; explicitFileType = wrapper.cfbundle; includeInIndex = 0; path = MosaickingTests.xctest; sourceTree = BUILT_PRODUCTS_DIR; };
		D74BFD4B1AD6FF9F00E50824 /* Info.plist */ = {isa = PBXFileReference; lastKnownFileType = text.plist.xml; path = Info.plist; sourceTree = "<group>"; };
		D74BFD4C1AD6FF9F00E50824 /* MosaickingTests.m */ = {isa = PBXFileReference; lastKnownFileType = sourcecode.c.objc; path = MosaickingTests.m; sourceTree = "<group>"; };
		D74BFD561AD700E100E50824 /* opencv2.framework */ = {isa = PBXFileReference; lastKnownFileType = wrapper.framework; path = opencv2.framework; sourceTree = "<group>"; };
		D74BFD581AD7021C00E50824 /* CvEffects */ = {isa = PBXFileReference; lastKnownFileType = folder; path = CvEffects; sourceTree = "<group>"; };
		D74BFD5A1AD7026F00E50824 /* AVFoundation.framework */ = {isa = PBXFileReference; lastKnownFileType = wrapper.framework; name = AVFoundation.framework; path = System/Library/Frameworks/AVFoundation.framework; sourceTree = SDKROOT; };
		D74BFD5D1AD7029200E50824 /* libCvEffects.a */ = {isa = PBXFileReference; lastKnownFileType = archive.ar; name = libCvEffects.a; path = "../../../Library/Developer/Xcode/DerivedData/Mosaicking-dltgrgfgzcbojyewemuendzrmdiu/Build/Products/Debug-iphoneos/libCvEffects.a"; sourceTree = "<group>"; };
		D74BFD5F1AD702A600E50824 /* QuartzCore.framework */ = {isa = PBXFileReference; lastKnownFileType = wrapper.framework; name = QuartzCore.framework; path = System/Library/Frameworks/QuartzCore.framework; sourceTree = SDKROOT; };
		D74BFD611AD702AE00E50824 /* CoreImage.framework */ = {isa = PBXFileReference; lastKnownFileType = wrapper.framework; name = CoreImage.framework; path = System/Library/Frameworks/CoreImage.framework; sourceTree = SDKROOT; };
		D74BFD631AD702B700E50824 /* CoreVideo.framework */ = {isa = PBXFileReference; lastKnownFileType = wrapper.framework; name = CoreVideo.framework; path = System/Library/Frameworks/CoreVideo.framework; sourceTree = SDKROOT; };
		D74BFD651AD702BE00E50824 /* Accelerate.framework */ = {isa = PBXFileReference; lastKnownFileType = wrapper.framework; name = Accelerate.framework; path = System/Library/Frameworks/Accelerate.framework; sourceTree = SDKROOT; };
		D74BFD671AD702C700E50824 /* AssetsLibrary.framework */ = {isa = PBXFileReference; lastKnownFileType = wrapper.framework; name = AssetsLibrary.framework; path = System/Library/Frameworks/AssetsLibrary.framework; sourceTree = SDKROOT; };
		D74BFD691AD702D300E50824 /* UIKit.framework */ = {isa = PBXFileReference; lastKnownFileType = wrapper.framework; name = UIKit.framework; path = System/Library/Frameworks/UIKit.framework; sourceTree = SDKROOT; };
		D74BFD6B1AD702D900E50824 /* Foundation.framework */ = {isa = PBXFileReference; lastKnownFileType = wrapper.framework; name = Foundation.framework; path = System/Library/Frameworks/Foundation.framework; sourceTree = SDKROOT; };
		D74BFD6D1AD702E000E50824 /* CoreGraphics.framework */ = {isa = PBXFileReference; lastKnownFileType = wrapper.framework; name = CoreGraphics.framework; path = System/Library/Frameworks/CoreGraphics.framework; sourceTree = SDKROOT; };
		D74BFD6F1AD703EE00E50824 /* PrefixHeader.pch */ = {isa = PBXFileReference; fileEncoding = 4; lastKnownFileType = sourcecode.c.h; path = PrefixHeader.pch; sourceTree = "<group>"; };
		D74BFD701AD705AD00E50824 /* CoreMedia.framework */ = {isa = PBXFileReference; lastKnownFileType = wrapper.framework; name = CoreMedia.framework; path = System/Library/Frameworks/CoreMedia.framework; sourceTree = SDKROOT; };
		D74BFD731AD7098100E50824 /* fuzzy_border.png */ = {isa = PBXFileReference; lastKnownFileType = image.png; name = fuzzy_border.png; path = CvEffects/CvEffects/fuzzy_border.png; sourceTree = SOURCE_ROOT; };
		D74BFD741AD7098100E50824 /* scratches.png */ = {isa = PBXFileReference; lastKnownFileType = image.png; name = scratches.png; path = CvEffects/CvEffects/scratches.png; sourceTree = SOURCE_ROOT; };
		D74BFD771AD70C3D00E50824 /* Video Camera Filled-50.png */ = {isa = PBXFileReference; lastKnownFileType = image.png; path = "Video Camera Filled-50.png"; sourceTree = "<group>"; };
		D74BFD781AD70C3D00E50824 /* Video Camera-50.png */ = {isa = PBXFileReference; lastKnownFileType = image.png; path = "Video Camera-50.png"; sourceTree = "<group>"; };
		D9E521101AD7911F0065CF44 /* libCvEffects.a */ = {isa = PBXFileReference; lastKnownFileType = archive.ar; name = libCvEffects.a; path = "../../Library/Developer/Xcode/DerivedData/Mosaicking-enigiqaqnebvmneshekeqpwwxdew/Build/Products/Debug-iphoneos/libCvEffects.a"; sourceTree = "<group>"; };
/* End PBXFileReference section */

/* Begin PBXFrameworksBuildPhase section */
		D74BFD271AD6FF9F00E50824 /* Frameworks */ = {
			isa = PBXFrameworksBuildPhase;
			buildActionMask = 2147483647;
			files = (
				D9E521111AD7911F0065CF44 /* libCvEffects.a in Frameworks */,
				D74BFD711AD705AD00E50824 /* CoreMedia.framework in Frameworks */,
				D74BFD6E1AD702E000E50824 /* CoreGraphics.framework in Frameworks */,
				D74BFD6C1AD702D900E50824 /* Foundation.framework in Frameworks */,
				D74BFD6A1AD702D300E50824 /* UIKit.framework in Frameworks */,
				D74BFD5B1AD7026F00E50824 /* AVFoundation.framework in Frameworks */,
				D74BFD681AD702C700E50824 /* AssetsLibrary.framework in Frameworks */,
				D74BFD661AD702BE00E50824 /* Accelerate.framework in Frameworks */,
				D74BFD641AD702B700E50824 /* CoreVideo.framework in Frameworks */,
				D74BFD621AD702AE00E50824 /* CoreImage.framework in Frameworks */,
				D74BFD601AD702A600E50824 /* QuartzCore.framework in Frameworks */,
				D74BFD571AD700E100E50824 /* opencv2.framework in Frameworks */,
			);
			runOnlyForDeploymentPostprocessing = 0;
		};
		D74BFD431AD6FF9F00E50824 /* Frameworks */ = {
			isa = PBXFrameworksBuildPhase;
			buildActionMask = 2147483647;
			files = (
			);
			runOnlyForDeploymentPostprocessing = 0;
		};
/* End PBXFrameworksBuildPhase section */

/* Begin PBXGroup section */
		D74BFD211AD6FF9F00E50824 = {
			isa = PBXGroup;
			children = (
				D9E521101AD7911F0065CF44 /* libCvEffects.a */,
				D74BFD581AD7021C00E50824 /* CvEffects */,
				D74BFD2C1AD6FF9F00E50824 /* Mosaicking */,
				D74BFD491AD6FF9F00E50824 /* MosaickingTests */,
				D74BFD2B1AD6FF9F00E50824 /* Products */,
			);
			sourceTree = "<group>";
		};
		D74BFD2B1AD6FF9F00E50824 /* Products */ = {
			isa = PBXGroup;
			children = (
				D74BFD2A1AD6FF9F00E50824 /* Mosaicking.app */,
				D74BFD461AD6FF9F00E50824 /* MosaickingTests.xctest */,
			);
			name = Products;
			sourceTree = "<group>";
		};
		D74BFD2C1AD6FF9F00E50824 /* Mosaicking */ = {
			isa = PBXGroup;
			children = (
				D74BFD311AD6FF9F00E50824 /* AppDelegate.h */,
				D74BFD321AD6FF9F00E50824 /* AppDelegate.m */,
				D74BFD341AD6FF9F00E50824 /* FirstViewController.h */,
				D74BFD351AD6FF9F00E50824 /* FirstViewController.m */,
				D74BFD371AD6FF9F00E50824 /* SecondViewController.h */,
				D74BFD381AD6FF9F00E50824 /* SecondViewController.m */,
				D74BFD3A1AD6FF9F00E50824 /* Main.storyboard */,
				D74BFD3D1AD6FF9F00E50824 /* Images.xcassets */,
				D74BFD3F1AD6FF9F00E50824 /* LaunchScreen.xib */,
				D74BFD2D1AD6FF9F00E50824 /* Supporting Files */,
			);
			path = Mosaicking;
			sourceTree = "<group>";
		};
		D74BFD2D1AD6FF9F00E50824 /* Supporting Files */ = {
			isa = PBXGroup;
			children = (
				D74BFD771AD70C3D00E50824 /* Video Camera Filled-50.png */,
				D74BFD781AD70C3D00E50824 /* Video Camera-50.png */,
				D74BFD731AD7098100E50824 /* fuzzy_border.png */,
				D74BFD741AD7098100E50824 /* scratches.png */,
				D74BFD701AD705AD00E50824 /* CoreMedia.framework */,
				D74BFD6D1AD702E000E50824 /* CoreGraphics.framework */,
				D74BFD6B1AD702D900E50824 /* Foundation.framework */,
				D74BFD691AD702D300E50824 /* UIKit.framework */,
				D74BFD671AD702C700E50824 /* AssetsLibrary.framework */,
				D74BFD651AD702BE00E50824 /* Accelerate.framework */,
				D74BFD631AD702B700E50824 /* CoreVideo.framework */,
				D74BFD611AD702AE00E50824 /* CoreImage.framework */,
				D74BFD5F1AD702A600E50824 /* QuartzCore.framework */,
				D74BFD5D1AD7029200E50824 /* libCvEffects.a */,
				D74BFD5A1AD7026F00E50824 /* AVFoundation.framework */,
				D74BFD561AD700E100E50824 /* opencv2.framework */,
				D74BFD2E1AD6FF9F00E50824 /* Info.plist */,
				D74BFD2F1AD6FF9F00E50824 /* main.m */,
				D74BFD6F1AD703EE00E50824 /* PrefixHeader.pch */,
			);
			name = "Supporting Files";
			sourceTree = "<group>";
		};
		D74BFD491AD6FF9F00E50824 /* MosaickingTests */ = {
			isa = PBXGroup;
			children = (
				D74BFD4C1AD6FF9F00E50824 /* MosaickingTests.m */,
				D74BFD4A1AD6FF9F00E50824 /* Supporting Files */,
			);
			path = MosaickingTests;
			sourceTree = "<group>";
		};
		D74BFD4A1AD6FF9F00E50824 /* Supporting Files */ = {
			isa = PBXGroup;
			children = (
				D74BFD4B1AD6FF9F00E50824 /* Info.plist */,
			);
			name = "Supporting Files";
			sourceTree = "<group>";
		};
/* End PBXGroup section */

/* Begin PBXNativeTarget section */
		D74BFD291AD6FF9F00E50824 /* Mosaicking */ = {
			isa = PBXNativeTarget;
			buildConfigurationList = D74BFD501AD6FF9F00E50824 /* Build configuration list for PBXNativeTarget "Mosaicking" */;
			buildPhases = (
				D74BFD261AD6FF9F00E50824 /* Sources */,
				D74BFD271AD6FF9F00E50824 /* Frameworks */,
				D74BFD281AD6FF9F00E50824 /* Resources */,
			);
			buildRules = (
			);
			dependencies = (
			);
			name = Mosaicking;
			productName = Mosaicking;
			productReference = D74BFD2A1AD6FF9F00E50824 /* Mosaicking.app */;
			productType = "com.apple.product-type.application";
		};
		D74BFD451AD6FF9F00E50824 /* MosaickingTests */ = {
			isa = PBXNativeTarget;
			buildConfigurationList = D74BFD531AD6FF9F00E50824 /* Build configuration list for PBXNativeTarget "MosaickingTests" */;
			buildPhases = (
				D74BFD421AD6FF9F00E50824 /* Sources */,
				D74BFD431AD6FF9F00E50824 /* Frameworks */,
				D74BFD441AD6FF9F00E50824 /* Resources */,
			);
			buildRules = (
			);
			dependencies = (
				D74BFD481AD6FF9F00E50824 /* PBXTargetDependency */,
			);
			name = MosaickingTests;
			productName = MosaickingTests;
			productReference = D74BFD461AD6FF9F00E50824 /* MosaickingTests.xctest */;
			productType = "com.apple.product-type.bundle.unit-test";
		};
/* End PBXNativeTarget section */

/* Begin PBXProject section */
		D74BFD221AD6FF9F00E50824 /* Project object */ = {
			isa = PBXProject;
			attributes = {
				LastUpgradeCheck = 0630;
				ORGANIZATIONNAME = "Kazutaka KAMIYA";
				TargetAttributes = {
					D74BFD291AD6FF9F00E50824 = {
						CreatedOnToolsVersion = 6.3;
						DevelopmentTeam = 3VW9ZMYGC7;
					};
					D74BFD451AD6FF9F00E50824 = {
						CreatedOnToolsVersion = 6.3;
						TestTargetID = D74BFD291AD6FF9F00E50824;
					};
				};
			};
			buildConfigurationList = D74BFD251AD6FF9F00E50824 /* Build configuration list for PBXProject "Mosaicking" */;
			compatibilityVersion = "Xcode 3.2";
			developmentRegion = English;
			hasScannedForEncodings = 0;
			knownRegions = (
				en,
				Base,
			);
			mainGroup = D74BFD211AD6FF9F00E50824;
			productRefGroup = D74BFD2B1AD6FF9F00E50824 /* Products */;
			projectDirPath = "";
			projectRoot = "";
			targets = (
				D74BFD291AD6FF9F00E50824 /* Mosaicking */,
				D74BFD451AD6FF9F00E50824 /* MosaickingTests */,
			);
		};
/* End PBXProject section */

/* Begin PBXResourcesBuildPhase section */
		D74BFD281AD6FF9F00E50824 /* Resources */ = {
			isa = PBXResourcesBuildPhase;
			buildActionMask = 2147483647;
			files = (
				D74BFD7A1AD70C3D00E50824 /* Video Camera-50.png in Resources */,
				D74BFD761AD7098100E50824 /* scratches.png in Resources */,
				D74BFD3C1AD6FF9F00E50824 /* Main.storyboard in Resources */,
				D74BFD411AD6FF9F00E50824 /* LaunchScreen.xib in Resources */,
				D74BFD791AD70C3D00E50824 /* Video Camera Filled-50.png in Resources */,
				D74BFD591AD7021C00E50824 /* CvEffects in Resources */,
				D74BFD751AD7098100E50824 /* fuzzy_border.png in Resources */,
				D74BFD3E1AD6FF9F00E50824 /* Images.xcassets in Resources */,
			);
			runOnlyForDeploymentPostprocessing = 0;
		};
		D74BFD441AD6FF9F00E50824 /* Resources */ = {
			isa = PBXResourcesBuildPhase;
			buildActionMask = 2147483647;
			files = (
			);
			runOnlyForDeploymentPostprocessing = 0;
		};
/* End PBXResourcesBuildPhase section */

/* Begin PBXSourcesBuildPhase section */
		D74BFD261AD6FF9F00E50824 /* Sources */ = {
			isa = PBXSourcesBuildPhase;
			buildActionMask = 2147483647;
			files = (
				D74BFD391AD6FF9F00E50824 /* SecondViewController.m in Sources */,
				D74BFD331AD6FF9F00E50824 /* AppDelegate.m in Sources */,
				D74BFD361AD6FF9F00E50824 /* FirstViewController.m in Sources */,
				D74BFD301AD6FF9F00E50824 /* main.m in Sources */,
			);
			runOnlyForDeploymentPostprocessing = 0;
		};
		D74BFD421AD6FF9F00E50824 /* Sources */ = {
			isa = PBXSourcesBuildPhase;
			buildActionMask = 2147483647;
			files = (
				D74BFD4D1AD6FF9F00E50824 /* MosaickingTests.m in Sources */,
			);
			runOnlyForDeploymentPostprocessing = 0;
		};
/* End PBXSourcesBuildPhase section */

/* Begin PBXTargetDependency section */
		D74BFD481AD6FF9F00E50824 /* PBXTargetDependency */ = {
			isa = PBXTargetDependency;
			target = D74BFD291AD6FF9F00E50824 /* Mosaicking */;
			targetProxy = D74BFD471AD6FF9F00E50824 /* PBXContainerItemProxy */;
		};
/* End PBXTargetDependency section */

/* Begin PBXVariantGroup section */
		D74BFD3A1AD6FF9F00E50824 /* Main.storyboard */ = {
			isa = PBXVariantGroup;
			children = (
				D74BFD3B1AD6FF9F00E50824 /* Base */,
			);
			name = Main.storyboard;
			sourceTree = "<group>";
		};
		D74BFD3F1AD6FF9F00E50824 /* LaunchScreen.xib */ = {
			isa = PBXVariantGroup;
			children = (
				D74BFD401AD6FF9F00E50824 /* Base */,
			);
			name = LaunchScreen.xib;
			sourceTree = "<group>";
		};
/* End PBXVariantGroup section */

/* Begin XCBuildConfiguration section */
		D74BFD4E1AD6FF9F00E50824 /* Debug */ = {
			isa = XCBuildConfiguration;
			buildSettings = {
				ALWAYS_SEARCH_USER_PATHS = NO;
				CLANG_CXX_LANGUAGE_STANDARD = "gnu++0x";
				CLANG_CXX_LIBRARY = "libc++";
				CLANG_ENABLE_MODULES = YES;
				CLANG_ENABLE_OBJC_ARC = YES;
				CLANG_WARN_BOOL_CONVERSION = YES;
				CLANG_WARN_CONSTANT_CONVERSION = YES;
				CLANG_WARN_DIRECT_OBJC_ISA_USAGE = YES_ERROR;
				CLANG_WARN_EMPTY_BODY = YES;
				CLANG_WARN_ENUM_CONVERSION = YES;
				CLANG_WARN_INT_CONVERSION = YES;
				CLANG_WARN_OBJC_ROOT_CLASS = YES_ERROR;
				CLANG_WARN_UNREACHABLE_CODE = YES;
				CLANG_WARN__DUPLICATE_METHOD_MATCH = YES;
				"CODE_SIGN_IDENTITY[sdk=iphoneos*]" = "iPhone Developer";
				COPY_PHASE_STRIP = NO;
				DEBUG_INFORMATION_FORMAT = "dwarf-with-dsym";
				ENABLE_STRICT_OBJC_MSGSEND = YES;
				GCC_C_LANGUAGE_STANDARD = gnu99;
				GCC_DYNAMIC_NO_PIC = NO;
				GCC_NO_COMMON_BLOCKS = YES;
				GCC_OPTIMIZATION_LEVEL = 0;
				GCC_PREPROCESSOR_DEFINITIONS = (
					"DEBUG=1",
					"$(inherited)",
				);
				GCC_SYMBOLS_PRIVATE_EXTERN = NO;
				GCC_WARN_64_TO_32_BIT_CONVERSION = YES;
				GCC_WARN_ABOUT_RETURN_TYPE = YES_ERROR;
				GCC_WARN_UNDECLARED_SELECTOR = YES;
				GCC_WARN_UNINITIALIZED_AUTOS = YES_AGGRESSIVE;
				GCC_WARN_UNUSED_FUNCTION = YES;
				GCC_WARN_UNUSED_VARIABLE = YES;
				IPHONEOS_DEPLOYMENT_TARGET = 8.0;
				MTL_ENABLE_DEBUG_INFO = YES;
				ONLY_ACTIVE_ARCH = YES;
				SDKROOT = iphoneos;
			};
			name = Debug;
		};
		D74BFD4F1AD6FF9F00E50824 /* Release */ = {
			isa = XCBuildConfiguration;
			buildSettings = {
				ALWAYS_SEARCH_USER_PATHS = NO;
				CLANG_CXX_LANGUAGE_STANDARD = "gnu++0x";
				CLANG_CXX_LIBRARY = "libc++";
				CLANG_ENABLE_MODULES = YES;
				CLANG_ENABLE_OBJC_ARC = YES;
				CLANG_WARN_BOOL_CONVERSION = YES;
				CLANG_WARN_CONSTANT_CONVERSION = YES;
				CLANG_WARN_DIRECT_OBJC_ISA_USAGE = YES_ERROR;
				CLANG_WARN_EMPTY_BODY = YES;
				CLANG_WARN_ENUM_CONVERSION = YES;
				CLANG_WARN_INT_CONVERSION = YES;
				CLANG_WARN_OBJC_ROOT_CLASS = YES_ERROR;
				CLANG_WARN_UNREACHABLE_CODE = YES;
				CLANG_WARN__DUPLICATE_METHOD_MATCH = YES;
				"CODE_SIGN_IDENTITY[sdk=iphoneos*]" = "iPhone Developer";
				COPY_PHASE_STRIP = NO;
				DEBUG_INFORMATION_FORMAT = "dwarf-with-dsym";
				ENABLE_NS_ASSERTIONS = NO;
				ENABLE_STRICT_OBJC_MSGSEND = YES;
				GCC_C_LANGUAGE_STANDARD = gnu99;
				GCC_NO_COMMON_BLOCKS = YES;
				GCC_WARN_64_TO_32_BIT_CONVERSION = YES;
				GCC_WARN_ABOUT_RETURN_TYPE = YES_ERROR;
				GCC_WARN_UNDECLARED_SELECTOR = YES;
				GCC_WARN_UNINITIALIZED_AUTOS = YES_AGGRESSIVE;
				GCC_WARN_UNUSED_FUNCTION = YES;
				GCC_WARN_UNUSED_VARIABLE = YES;
				IPHONEOS_DEPLOYMENT_TARGET = 8.0;
				MTL_ENABLE_DEBUG_INFO = NO;
				SDKROOT = iphoneos;
				VALIDATE_PRODUCT = YES;
			};
			name = Release;
		};
		D74BFD511AD6FF9F00E50824 /* Debug */ = {
			isa = XCBuildConfiguration;
			buildSettings = {
				ALWAYS_SEARCH_USER_PATHS = YES;
				ASSETCATALOG_COMPILER_APPICON_NAME = AppIcon;
				CODE_SIGN_IDENTITY = "iPhone Distribution: Kazutaka Kamiya (3VW9ZMYGC7)";
				"CODE_SIGN_IDENTITY[sdk=iphoneos*]" = "iPhone Distribution: Kazutaka Kamiya (3VW9ZMYGC7)";
				FRAMEWORK_SEARCH_PATHS = (
					"$(inherited)",
					"$(PROJECT_DIR)/Mosaicking",
				);
				GCC_INPUT_FILETYPE = sourcecode.cpp.objcpp;
				GCC_PRECOMPILE_PREFIX_HEADER = YES;
				GCC_PREFIX_HEADER = Mosaicking/PrefixHeader.pch;
				INFOPLIST_FILE = Mosaicking/Info.plist;
				IPHONEOS_DEPLOYMENT_TARGET = 8.0;
				LD_RUNPATH_SEARCH_PATHS = "$(inherited) @executable_path/Frameworks";
				LIBRARY_SEARCH_PATHS = (
					"$(inherited)",
					"$(USER_LIBRARY_DIR)/Developer/Xcode/DerivedData/Mosaicking-dltgrgfgzcbojyewemuendzrmdiu/Build/Products/Debug-iphoneos",
					"$(USER_LIBRARY_DIR)/Developer/Xcode/DerivedData/Mosaicking-enigiqaqnebvmneshekeqpwwxdew/Build/Products/Debug-iphoneos",
				);
				PRODUCT_NAME = "$(TARGET_NAME)";
				PROVISIONING_PROFILE = "1774ca09-3362-48c9-aca9-d9bcd21d13e3";
				USER_HEADER_SEARCH_PATHS = "include/${PRODUCT_NAME}";
			};
			name = Debug;
		};
		D74BFD521AD6FF9F00E50824 /* Release */ = {
			isa = XCBuildConfiguration;
			buildSettings = {
				ALWAYS_SEARCH_USER_PATHS = YES;
				ASSETCATALOG_COMPILER_APPICON_NAME = AppIcon;
				CODE_SIGN_IDENTITY = "iPhone Distribution: Kazutaka Kamiya (3VW9ZMYGC7)";
				"CODE_SIGN_IDENTITY[sdk=iphoneos*]" = "iPhone Distribution: Kazutaka Kamiya (3VW9ZMYGC7)";
				FRAMEWORK_SEARCH_PATHS = (
					"$(inherited)",
					"$(PROJECT_DIR)/Mosaicking",
				);
				GCC_INPUT_FILETYPE = sourcecode.cpp.objcpp;
				GCC_PRECOMPILE_PREFIX_HEADER = YES;
				GCC_PREFIX_HEADER = Mosaicking/PrefixHeader.pch;
				INFOPLIST_FILE = Mosaicking/Info.plist;
				IPHONEOS_DEPLOYMENT_TARGET = 8.0;
				LD_RUNPATH_SEARCH_PATHS = "$(inherited) @executable_path/Frameworks";
				LIBRARY_SEARCH_PATHS = (
					"$(inherited)",
					"$(USER_LIBRARY_DIR)/Developer/Xcode/DerivedData/Mosaicking-dltgrgfgzcbojyewemuendzrmdiu/Build/Products/Debug-iphoneos",
					"$(USER_LIBRARY_DIR)/Developer/Xcode/DerivedData/Mosaicking-enigiqaqnebvmneshekeqpwwxdew/Build/Products/Debug-iphoneos",
				);
				PRODUCT_NAME = "$(TARGET_NAME)";
				PROVISIONING_PROFILE = "1774ca09-3362-48c9-aca9-d9bcd21d13e3";
				USER_HEADER_SEARCH_PATHS = "include/${PRODUCT_NAME}";
			};
			name = Release;
		};
		D74BFD541AD6FF9F00E50824 /* Debug */ = {
			isa = XCBuildConfiguration;
			buildSettings = {
				BUNDLE_LOADER = "$(TEST_HOST)";
				FRAMEWORK_SEARCH_PATHS = (
					"$(SDKROOT)/Developer/Library/Frameworks",
					"$(inherited)",
				);
				GCC_PREPROCESSOR_DEFINITIONS = (
					"DEBUG=1",
					"$(inherited)",
				);
				INFOPLIST_FILE = MosaickingTests/Info.plist;
				LD_RUNPATH_SEARCH_PATHS = "$(inherited) @executable_path/Frameworks @loader_path/Frameworks";
				PRODUCT_NAME = "$(TARGET_NAME)";
				TEST_HOST = "$(BUILT_PRODUCTS_DIR)/Mosaicking.app/Mosaicking";
			};
			name = Debug;
		};
		D74BFD551AD6FF9F00E50824 /* Release */ = {
			isa = XCBuildConfiguration;
			buildSettings = {
				BUNDLE_LOADER = "$(TEST_HOST)";
				FRAMEWORK_SEARCH_PATHS = (
					"$(SDKROOT)/Developer/Library/Frameworks",
					"$(inherited)",
				);
				INFOPLIST_FILE = MosaickingTests/Info.plist;
				LD_RUNPATH_SEARCH_PATHS = "$(inherited) @executable_path/Frameworks @loader_path/Frameworks";
				PRODUCT_NAME = "$(TARGET_NAME)";
				TEST_HOST = "$(BUILT_PRODUCTS_DIR)/Mosaicking.app/Mosaicking";
			};
			name = Release;
		};
/* End XCBuildConfiguration section */

/* Begin XCConfigurationList section */
		D74BFD251AD6FF9F00E50824 /* Build configuration list for PBXProject "Mosaicking" */ = {
			isa = XCConfigurationList;
			buildConfigurations = (
				D74BFD4E1AD6FF9F00E50824 /* Debug */,
				D74BFD4F1AD6FF9F00E50824 /* Release */,
			);
			defaultConfigurationIsVisible = 0;
			defaultConfigurationName = Release;
		};
		D74BFD501AD6FF9F00E50824 /* Build configuration list for PBXNativeTarget "Mosaicking" */ = {
			isa = XCConfigurationList;
			buildConfigurations = (
				D74BFD511AD6FF9F00E50824 /* Debug */,
				D74BFD521AD6FF9F00E50824 /* Release */,
			);
			defaultConfigurationIsVisible = 0;
			defaultConfigurationName = Release;
		};
		D74BFD531AD6FF9F00E50824 /* Build configuration list for PBXNativeTarget "MosaickingTests" */ = {
			isa = XCConfigurationList;
			buildConfigurations = (
				D74BFD541AD6FF9F00E50824 /* Debug */,
				D74BFD551AD6FF9F00E50824 /* Release */,
			);
			defaultConfigurationIsVisible = 0;
			defaultConfigurationName = Release;
		};
/* End XCConfigurationList section */
	};
	rootObject = D74BFD221AD6FF9F00E50824 /* Project object */;
}
